// !$*UTF8*$!
{
	archiveVersion = 1;
	classes = {
	};
	objectVersion = 48;
	objects = {

/* Begin PBXBuildFile section */
		29559EF4204CE28E000EB12B /* AppDelegate.swift in Sources */ = {isa = PBXBuildFile; fileRef = 29559EF3204CE28E000EB12B /* AppDelegate.swift */; };
		29559EF6204CE28E000EB12B /* ViewController.swift in Sources */ = {isa = PBXBuildFile; fileRef = 29559EF5204CE28E000EB12B /* ViewController.swift */; };
		29559EF9204CE28E000EB12B /* Main.storyboard in Resources */ = {isa = PBXBuildFile; fileRef = 29559EF7204CE28E000EB12B /* Main.storyboard */; };
		29559EFC204CE28E000EB12B /* ParkingFriends.xcdatamodeld in Sources */ = {isa = PBXBuildFile; fileRef = 29559EFA204CE28E000EB12B /* ParkingFriends.xcdatamodeld */; };
		29559EFE204CE28E000EB12B /* Assets.xcassets in Resources */ = {isa = PBXBuildFile; fileRef = 29559EFD204CE28E000EB12B /* Assets.xcassets */; };
		29559F01204CE28E000EB12B /* LaunchScreen.storyboard in Resources */ = {isa = PBXBuildFile; fileRef = 29559EFF204CE28E000EB12B /* LaunchScreen.storyboard */; };
		295FF12220688AA2000CBF15 /* MainViewController.swift in Sources */ = {isa = PBXBuildFile; fileRef = 295FF12120688AA2000CBF15 /* MainViewController.swift */; };
		296023802091A65600481134 /* DetailVC.swift in Sources */ = {isa = PBXBuildFile; fileRef = 2960237F2091A65600481134 /* DetailVC.swift */; };
		2971A3EF209ADD8200C1AD84 /* Utils.swift in Sources */ = {isa = PBXBuildFile; fileRef = 2971A3EE209ADD8200C1AD84 /* Utils.swift */; };
		2971A3F1209AECC400C1AD84 /* Tutorial.storyboard in Resources */ = {isa = PBXBuildFile; fileRef = 2971A3F0209AECC400C1AD84 /* Tutorial.storyboard */; };
		2971A3F5209AED1300C1AD84 /* TutorialContentsVC.swift in Sources */ = {isa = PBXBuildFile; fileRef = 2971A3F3209AED1200C1AD84 /* TutorialContentsVC.swift */; };
		2971A3F6209AED1300C1AD84 /* TutorialMasterVC.swift in Sources */ = {isa = PBXBuildFile; fileRef = 2971A3F4209AED1300C1AD84 /* TutorialMasterVC.swift */; };
		2983BD9A20A16BA60033035D /* RaoPageVC.swift in Sources */ = {isa = PBXBuildFile; fileRef = 2983BD9920A16BA60033035D /* RaoPageVC.swift */; };
		29A0FFDC207B429200B13638 /* UrlStrings.swift in Sources */ = {isa = PBXBuildFile; fileRef = 29A0FFDB207B429200B13638 /* UrlStrings.swift */; };
		29AA125F207D9FF400F4648C /* MarkerInfoView.swift in Sources */ = {isa = PBXBuildFile; fileRef = 29AA125B207D9FF400F4648C /* MarkerInfoView.swift */; };
		29AA1260207D9FF400F4648C /* MarkerInfoView.xib in Resources */ = {isa = PBXBuildFile; fileRef = 29AA125C207D9FF400F4648C /* MarkerInfoView.xib */; };
		29AA1261207D9FF400F4648C /* PlaceMarker.swift in Sources */ = {isa = PBXBuildFile; fileRef = 29AA125D207D9FF400F4648C /* PlaceMarker.swift */; };
		29AA1262207D9FF400F4648C /* UIViewExtension.swift in Sources */ = {isa = PBXBuildFile; fileRef = 29AA125E207D9FF400F4648C /* UIViewExtension.swift */; };
		29AA1266207DA06A00F4648C /* GoogleDataProvider.swift in Sources */ = {isa = PBXBuildFile; fileRef = 29AA1264207DA06A00F4648C /* GoogleDataProvider.swift */; };
		29AA1267207DA06A00F4648C /* GooglePlace.swift in Sources */ = {isa = PBXBuildFile; fileRef = 29AA1265207DA06A00F4648C /* GooglePlace.swift */; };
		5AE7C80E869B4337F04B6493 /* Pods_ParkingFriends.framework in Frameworks */ = {isa = PBXBuildFile; fileRef = BBA1467F876F3F1665825730 /* Pods_ParkingFriends.framework */; };
/* End PBXBuildFile section */

/* Begin PBXFileReference section */
		29559EF0204CE28E000EB12B /* ParkingFriends.app */ = {isa = PBXFileReference; explicitFileType = wrapper.application; includeInIndex = 0; path = ParkingFriends.app; sourceTree = BUILT_PRODUCTS_DIR; };
		29559EF3204CE28E000EB12B /* AppDelegate.swift */ = {isa = PBXFileReference; lastKnownFileType = sourcecode.swift; path = AppDelegate.swift; sourceTree = "<group>"; };
		29559EF5204CE28E000EB12B /* ViewController.swift */ = {isa = PBXFileReference; lastKnownFileType = sourcecode.swift; path = ViewController.swift; sourceTree = "<group>"; };
		29559EF8204CE28E000EB12B /* Base */ = {isa = PBXFileReference; lastKnownFileType = file.storyboard; name = Base; path = Base.lproj/Main.storyboard; sourceTree = "<group>"; };
		29559EFB204CE28E000EB12B /* ParkingFriends.xcdatamodel */ = {isa = PBXFileReference; lastKnownFileType = wrapper.xcdatamodel; path = ParkingFriends.xcdatamodel; sourceTree = "<group>"; };
		29559EFD204CE28E000EB12B /* Assets.xcassets */ = {isa = PBXFileReference; lastKnownFileType = folder.assetcatalog; path = Assets.xcassets; sourceTree = "<group>"; };
		29559F00204CE28E000EB12B /* Base */ = {isa = PBXFileReference; lastKnownFileType = file.storyboard; name = Base; path = Base.lproj/LaunchScreen.storyboard; sourceTree = "<group>"; };
		29559F02204CE28E000EB12B /* Info.plist */ = {isa = PBXFileReference; lastKnownFileType = text.plist.xml; path = Info.plist; sourceTree = "<group>"; };
		295FF12120688AA2000CBF15 /* MainViewController.swift */ = {isa = PBXFileReference; lastKnownFileType = sourcecode.swift; path = MainViewController.swift; sourceTree = "<group>"; };
		2960237F2091A65600481134 /* DetailVC.swift */ = {isa = PBXFileReference; lastKnownFileType = sourcecode.swift; path = DetailVC.swift; sourceTree = "<group>"; };
		2971A3EE209ADD8200C1AD84 /* Utils.swift */ = {isa = PBXFileReference; fileEncoding = 4; lastKnownFileType = sourcecode.swift; path = Utils.swift; sourceTree = "<group>"; };
		2971A3F0209AECC400C1AD84 /* Tutorial.storyboard */ = {isa = PBXFileReference; fileEncoding = 4; lastKnownFileType = file.storyboard; path = Tutorial.storyboard; sourceTree = "<group>"; };
		2971A3F3209AED1200C1AD84 /* TutorialContentsVC.swift */ = {isa = PBXFileReference; fileEncoding = 4; lastKnownFileType = sourcecode.swift; path = TutorialContentsVC.swift; sourceTree = "<group>"; };
		2971A3F4209AED1300C1AD84 /* TutorialMasterVC.swift */ = {isa = PBXFileReference; fileEncoding = 4; lastKnownFileType = sourcecode.swift; path = TutorialMasterVC.swift; sourceTree = "<group>"; };
		2983BD9920A16BA60033035D /* RaoPageVC.swift */ = {isa = PBXFileReference; lastKnownFileType = sourcecode.swift; path = RaoPageVC.swift; sourceTree = "<group>"; };
		29A0FFDB207B429200B13638 /* UrlStrings.swift */ = {isa = PBXFileReference; lastKnownFileType = sourcecode.swift; path = UrlStrings.swift; sourceTree = "<group>"; };
		29AA125B207D9FF400F4648C /* MarkerInfoView.swift */ = {isa = PBXFileReference; fileEncoding = 4; lastKnownFileType = sourcecode.swift; path = MarkerInfoView.swift; sourceTree = "<group>"; };
		29AA125C207D9FF400F4648C /* MarkerInfoView.xib */ = {isa = PBXFileReference; fileEncoding = 4; lastKnownFileType = file.xib; path = MarkerInfoView.xib; sourceTree = "<group>"; };
		29AA125D207D9FF400F4648C /* PlaceMarker.swift */ = {isa = PBXFileReference; fileEncoding = 4; lastKnownFileType = sourcecode.swift; path = PlaceMarker.swift; sourceTree = "<group>"; };
		29AA125E207D9FF400F4648C /* UIViewExtension.swift */ = {isa = PBXFileReference; fileEncoding = 4; lastKnownFileType = sourcecode.swift; path = UIViewExtension.swift; sourceTree = "<group>"; };
		29AA1264207DA06A00F4648C /* GoogleDataProvider.swift */ = {isa = PBXFileReference; fileEncoding = 4; lastKnownFileType = sourcecode.swift; path = GoogleDataProvider.swift; sourceTree = "<group>"; };
		29AA1265207DA06A00F4648C /* GooglePlace.swift */ = {isa = PBXFileReference; fileEncoding = 4; lastKnownFileType = sourcecode.swift; path = GooglePlace.swift; sourceTree = "<group>"; };
		5692CC7AA31AE36E141C127A /* Pods-ParkingFriends.release.xcconfig */ = {isa = PBXFileReference; includeInIndex = 1; lastKnownFileType = text.xcconfig; name = "Pods-ParkingFriends.release.xcconfig"; path = "Pods/Target Support Files/Pods-ParkingFriends/Pods-ParkingFriends.release.xcconfig"; sourceTree = "<group>"; };
		BBA1467F876F3F1665825730 /* Pods_ParkingFriends.framework */ = {isa = PBXFileReference; explicitFileType = wrapper.framework; includeInIndex = 0; path = Pods_ParkingFriends.framework; sourceTree = BUILT_PRODUCTS_DIR; };
		E9BC42507866129D0B36DF16 /* Pods-ParkingFriends.debug.xcconfig */ = {isa = PBXFileReference; includeInIndex = 1; lastKnownFileType = text.xcconfig; name = "Pods-ParkingFriends.debug.xcconfig"; path = "Pods/Target Support Files/Pods-ParkingFriends/Pods-ParkingFriends.debug.xcconfig"; sourceTree = "<group>"; };
/* End PBXFileReference section */

/* Begin PBXFrameworksBuildPhase section */
		29559EED204CE28E000EB12B /* Frameworks */ = {
			isa = PBXFrameworksBuildPhase;
			buildActionMask = 2147483647;
			files = (
				5AE7C80E869B4337F04B6493 /* Pods_ParkingFriends.framework in Frameworks */,
			);
			runOnlyForDeploymentPostprocessing = 0;
		};
/* End PBXFrameworksBuildPhase section */

/* Begin PBXGroup section */
		29559EE7204CE28D000EB12B = {
			isa = PBXGroup;
			children = (
				29559EF2204CE28E000EB12B /* ParkingFriends */,
				29559EF1204CE28E000EB12B /* Products */,
				C6F7D8E69B90799457B62D6E /* Pods */,
				4C7DE14E79F712DCC2BE1421 /* Frameworks */,
			);
			sourceTree = "<group>";
		};
		29559EF1204CE28E000EB12B /* Products */ = {
			isa = PBXGroup;
			children = (
				29559EF0204CE28E000EB12B /* ParkingFriends.app */,
			);
			name = Products;
			sourceTree = "<group>";
		};
		29559EF2204CE28E000EB12B /* ParkingFriends */ = {
			isa = PBXGroup;
			children = (
				2971A3F2209AECF100C1AD84 /* Tutorial */,
				29AA1263207DA06A00F4648C /* Model */,
				29AA125A207D9FF400F4648C /* Views */,
				29A0FFDA207B423A00B13638 /* Util */,
				29559EF3204CE28E000EB12B /* AppDelegate.swift */,
				29559EF5204CE28E000EB12B /* ViewController.swift */,
				29559EF7204CE28E000EB12B /* Main.storyboard */,
				2971A3F0209AECC400C1AD84 /* Tutorial.storyboard */,
				29559EFD204CE28E000EB12B /* Assets.xcassets */,
				29559EFF204CE28E000EB12B /* LaunchScreen.storyboard */,
				29559F02204CE28E000EB12B /* Info.plist */,
				29559EFA204CE28E000EB12B /* ParkingFriends.xcdatamodeld */,
				295FF12120688AA2000CBF15 /* MainViewController.swift */,
				2960237F2091A65600481134 /* DetailVC.swift */,
				2983BD9920A16BA60033035D /* RaoPageVC.swift */,
			);
			path = ParkingFriends;
			sourceTree = "<group>";
		};
		2971A3F2209AECF100C1AD84 /* Tutorial */ = {
			isa = PBXGroup;
			children = (
				2971A3F3209AED1200C1AD84 /* TutorialContentsVC.swift */,
				2971A3F4209AED1300C1AD84 /* TutorialMasterVC.swift */,
			);
			path = Tutorial;
			sourceTree = "<group>";
		};
		29A0FFDA207B423A00B13638 /* Util */ = {
			isa = PBXGroup;
			children = (
				29A0FFDB207B429200B13638 /* UrlStrings.swift */,
				2971A3EE209ADD8200C1AD84 /* Utils.swift */,
			);
			path = Util;
			sourceTree = "<group>";
		};
		29AA125A207D9FF400F4648C /* Views */ = {
			isa = PBXGroup;
			children = (
				29AA125B207D9FF400F4648C /* MarkerInfoView.swift */,
				29AA125C207D9FF400F4648C /* MarkerInfoView.xib */,
				29AA125D207D9FF400F4648C /* PlaceMarker.swift */,
				29AA125E207D9FF400F4648C /* UIViewExtension.swift */,
			);
			path = Views;
			sourceTree = "<group>";
		};
		29AA1263207DA06A00F4648C /* Model */ = {
			isa = PBXGroup;
			children = (
				29AA1264207DA06A00F4648C /* GoogleDataProvider.swift */,
				29AA1265207DA06A00F4648C /* GooglePlace.swift */,
			);
			path = Model;
			sourceTree = "<group>";
		};
		4C7DE14E79F712DCC2BE1421 /* Frameworks */ = {
			isa = PBXGroup;
			children = (
				BBA1467F876F3F1665825730 /* Pods_ParkingFriends.framework */,
			);
			name = Frameworks;
			sourceTree = "<group>";
		};
		C6F7D8E69B90799457B62D6E /* Pods */ = {
			isa = PBXGroup;
			children = (
				E9BC42507866129D0B36DF16 /* Pods-ParkingFriends.debug.xcconfig */,
				5692CC7AA31AE36E141C127A /* Pods-ParkingFriends.release.xcconfig */,
			);
			name = Pods;
			sourceTree = "<group>";
		};
/* End PBXGroup section */

/* Begin PBXNativeTarget section */
		29559EEF204CE28E000EB12B /* ParkingFriends */ = {
			isa = PBXNativeTarget;
			buildConfigurationList = 29559F05204CE28E000EB12B /* Build configuration list for PBXNativeTarget "ParkingFriends" */;
			buildPhases = (
				AEAE1DFF2D61C0C3028243A2 /* [CP] Check Pods Manifest.lock */,
				29559EEC204CE28E000EB12B /* Sources */,
				29559EED204CE28E000EB12B /* Frameworks */,
				29559EEE204CE28E000EB12B /* Resources */,
				34BFDFB411C0C4456C223B61 /* [CP] Embed Pods Frameworks */,
				E1820C62DEEFB06067EB89BE /* [CP] Copy Pods Resources */,
			);
			buildRules = (
			);
			dependencies = (
			);
			name = ParkingFriends;
			productName = ParkingFriends;
			productReference = 29559EF0204CE28E000EB12B /* ParkingFriends.app */;
			productType = "com.apple.product-type.application";
		};
/* End PBXNativeTarget section */

/* Begin PBXProject section */
		29559EE8204CE28D000EB12B /* Project object */ = {
			isa = PBXProject;
			attributes = {
				LastSwiftUpdateCheck = 0920;
				LastUpgradeCheck = 0920;
				ORGANIZATIONNAME = rao;
				TargetAttributes = {
					29559EEF204CE28E000EB12B = {
						CreatedOnToolsVersion = 9.2;
						ProvisioningStyle = Manual;
					};
				};
			};
			buildConfigurationList = 29559EEB204CE28D000EB12B /* Build configuration list for PBXProject "ParkingFriends" */;
			compatibilityVersion = "Xcode 8.0";
			developmentRegion = en;
			hasScannedForEncodings = 0;
			knownRegions = (
				en,
				Base,
			);
			mainGroup = 29559EE7204CE28D000EB12B;
			productRefGroup = 29559EF1204CE28E000EB12B /* Products */;
			projectDirPath = "";
			projectRoot = "";
			targets = (
				29559EEF204CE28E000EB12B /* ParkingFriends */,
			);
		};
/* End PBXProject section */

/* Begin PBXResourcesBuildPhase section */
		29559EEE204CE28E000EB12B /* Resources */ = {
			isa = PBXResourcesBuildPhase;
			buildActionMask = 2147483647;
			files = (
				2971A3F1209AECC400C1AD84 /* Tutorial.storyboard in Resources */,
				29AA1260207D9FF400F4648C /* MarkerInfoView.xib in Resources */,
				29559F01204CE28E000EB12B /* LaunchScreen.storyboard in Resources */,
				29559EFE204CE28E000EB12B /* Assets.xcassets in Resources */,
				29559EF9204CE28E000EB12B /* Main.storyboard in Resources */,
			);
			runOnlyForDeploymentPostprocessing = 0;
		};
/* End PBXResourcesBuildPhase section */

/* Begin PBXShellScriptBuildPhase section */
		34BFDFB411C0C4456C223B61 /* [CP] Embed Pods Frameworks */ = {
			isa = PBXShellScriptBuildPhase;
			buildActionMask = 2147483647;
			files = (
			);
			inputPaths = (
				"${SRCROOT}/Pods/Target Support Files/Pods-ParkingFriends/Pods-ParkingFriends-frameworks.sh",
				"${BUILT_PRODUCTS_DIR}/Alamofire/Alamofire.framework",
				"${BUILT_PRODUCTS_DIR}/SDWebImage/SDWebImage.framework",
				"${BUILT_PRODUCTS_DIR}/SideMenu/SideMenu.framework",
				"${BUILT_PRODUCTS_DIR}/SwiftyJSON/SwiftyJSON.framework",
			);
			name = "[CP] Embed Pods Frameworks";
			outputPaths = (
				"${TARGET_BUILD_DIR}/${FRAMEWORKS_FOLDER_PATH}/Alamofire.framework",
				"${TARGET_BUILD_DIR}/${FRAMEWORKS_FOLDER_PATH}/SDWebImage.framework",
				"${TARGET_BUILD_DIR}/${FRAMEWORKS_FOLDER_PATH}/SideMenu.framework",
				"${TARGET_BUILD_DIR}/${FRAMEWORKS_FOLDER_PATH}/SwiftyJSON.framework",
			);
			runOnlyForDeploymentPostprocessing = 0;
			shellPath = /bin/sh;
			shellScript = "\"${SRCROOT}/Pods/Target Support Files/Pods-ParkingFriends/Pods-ParkingFriends-frameworks.sh\"\n";
			showEnvVarsInLog = 0;
		};
		AEAE1DFF2D61C0C3028243A2 /* [CP] Check Pods Manifest.lock */ = {
			isa = PBXShellScriptBuildPhase;
			buildActionMask = 2147483647;
			files = (
			);
			inputPaths = (
				"${PODS_PODFILE_DIR_PATH}/Podfile.lock",
				"${PODS_ROOT}/Manifest.lock",
			);
			name = "[CP] Check Pods Manifest.lock";
			outputPaths = (
				"$(DERIVED_FILE_DIR)/Pods-ParkingFriends-checkManifestLockResult.txt",
			);
			runOnlyForDeploymentPostprocessing = 0;
			shellPath = /bin/sh;
			shellScript = "diff \"${PODS_PODFILE_DIR_PATH}/Podfile.lock\" \"${PODS_ROOT}/Manifest.lock\" > /dev/null\nif [ $? != 0 ] ; then\n    # print error to STDERR\n    echo \"error: The sandbox is not in sync with the Podfile.lock. Run 'pod install' or update your CocoaPods installation.\" >&2\n    exit 1\nfi\n# This output is used by Xcode 'outputs' to avoid re-running this script phase.\necho \"SUCCESS\" > \"${SCRIPT_OUTPUT_FILE_0}\"\n";
			showEnvVarsInLog = 0;
		};
		E1820C62DEEFB06067EB89BE /* [CP] Copy Pods Resources */ = {
			isa = PBXShellScriptBuildPhase;
			buildActionMask = 2147483647;
			files = (
			);
			inputPaths = (
				"${SRCROOT}/Pods/Target Support Files/Pods-ParkingFriends/Pods-ParkingFriends-resources.sh",
				"${PODS_ROOT}/GoogleMaps/Maps/Frameworks/GoogleMaps.framework/Resources/GoogleMaps.bundle",
				"${PODS_ROOT}/GooglePlaces/Frameworks/GooglePlaces.framework/Resources/GooglePlaces.bundle",
			);
			name = "[CP] Copy Pods Resources";
			outputPaths = (
				"${TARGET_BUILD_DIR}/${UNLOCALIZED_RESOURCES_FOLDER_PATH}/GoogleMaps.bundle",
				"${TARGET_BUILD_DIR}/${UNLOCALIZED_RESOURCES_FOLDER_PATH}/GooglePlaces.bundle",
			);
			runOnlyForDeploymentPostprocessing = 0;
			shellPath = /bin/sh;
			shellScript = "\"${SRCROOT}/Pods/Target Support Files/Pods-ParkingFriends/Pods-ParkingFriends-resources.sh\"\n";
			showEnvVarsInLog = 0;
		};
/* End PBXShellScriptBuildPhase section */

/* Begin PBXSourcesBuildPhase section */
		29559EEC204CE28E000EB12B /* Sources */ = {
			isa = PBXSourcesBuildPhase;
			buildActionMask = 2147483647;
			files = (
				29A0FFDC207B429200B13638 /* UrlStrings.swift in Sources */,
				2983BD9A20A16BA60033035D /* RaoPageVC.swift in Sources */,
				29AA1266207DA06A00F4648C /* GoogleDataProvider.swift in Sources */,
				296023802091A65600481134 /* DetailVC.swift in Sources */,
				29AA1267207DA06A00F4648C /* GooglePlace.swift in Sources */,
				29AA1261207D9FF400F4648C /* PlaceMarker.swift in Sources */,
				29559EF6204CE28E000EB12B /* ViewController.swift in Sources */,
				2971A3F5209AED1300C1AD84 /* TutorialContentsVC.swift in Sources */,
				29559EF4204CE28E000EB12B /* AppDelegate.swift in Sources */,
				29559EFC204CE28E000EB12B /* ParkingFriends.xcdatamodeld in Sources */,
				29AA125F207D9FF400F4648C /* MarkerInfoView.swift in Sources */,
				2971A3F6209AED1300C1AD84 /* TutorialMasterVC.swift in Sources */,
				29AA1262207D9FF400F4648C /* UIViewExtension.swift in Sources */,
				295FF12220688AA2000CBF15 /* MainViewController.swift in Sources */,
				2971A3EF209ADD8200C1AD84 /* Utils.swift in Sources */,
			);
			runOnlyForDeploymentPostprocessing = 0;
		};
/* End PBXSourcesBuildPhase section */

/* Begin PBXVariantGroup section */
		29559EF7204CE28E000EB12B /* Main.storyboard */ = {
			isa = PBXVariantGroup;
			children = (
				29559EF8204CE28E000EB12B /* Base */,
			);
			name = Main.storyboard;
			sourceTree = "<group>";
		};
		29559EFF204CE28E000EB12B /* LaunchScreen.storyboard */ = {
			isa = PBXVariantGroup;
			children = (
				29559F00204CE28E000EB12B /* Base */,
			);
			name = LaunchScreen.storyboard;
			sourceTree = "<group>";
		};
/* End PBXVariantGroup section */

/* Begin XCBuildConfiguration section */
		29559F03204CE28E000EB12B /* Debug */ = {
			isa = XCBuildConfiguration;
			buildSettings = {
				ALWAYS_SEARCH_USER_PATHS = NO;
				CLANG_ANALYZER_NONNULL = YES;
				CLANG_ANALYZER_NUMBER_OBJECT_CONVERSION = YES_AGGRESSIVE;
				CLANG_CXX_LANGUAGE_STANDARD = "gnu++14";
				CLANG_CXX_LIBRARY = "libc++";
				CLANG_ENABLE_MODULES = YES;
				CLANG_ENABLE_OBJC_ARC = YES;
				CLANG_WARN_BLOCK_CAPTURE_AUTORELEASING = YES;
				CLANG_WARN_BOOL_CONVERSION = YES;
				CLANG_WARN_COMMA = YES;
				CLANG_WARN_CONSTANT_CONVERSION = YES;
				CLANG_WARN_DIRECT_OBJC_ISA_USAGE = YES_ERROR;
				CLANG_WARN_DOCUMENTATION_COMMENTS = YES;
				CLANG_WARN_EMPTY_BODY = YES;
				CLANG_WARN_ENUM_CONVERSION = YES;
				CLANG_WARN_INFINITE_RECURSION = YES;
				CLANG_WARN_INT_CONVERSION = YES;
				CLANG_WARN_NON_LITERAL_NULL_CONVERSION = YES;
				CLANG_WARN_OBJC_LITERAL_CONVERSION = YES;
				CLANG_WARN_OBJC_ROOT_CLASS = YES_ERROR;
				CLANG_WARN_RANGE_LOOP_ANALYSIS = YES;
				CLANG_WARN_STRICT_PROTOTYPES = YES;
				CLANG_WARN_SUSPICIOUS_MOVE = YES;
				CLANG_WARN_UNGUARDED_AVAILABILITY = YES_AGGRESSIVE;
				CLANG_WARN_UNREACHABLE_CODE = YES;
				CLANG_WARN__DUPLICATE_METHOD_MATCH = YES;
				CODE_SIGN_IDENTITY = "iPhone Developer";
				COPY_PHASE_STRIP = NO;
				DEBUG_INFORMATION_FORMAT = dwarf;
				ENABLE_STRICT_OBJC_MSGSEND = YES;
				ENABLE_TESTABILITY = YES;
				GCC_C_LANGUAGE_STANDARD = gnu11;
				GCC_DYNAMIC_NO_PIC = NO;
				GCC_NO_COMMON_BLOCKS = YES;
				GCC_OPTIMIZATION_LEVEL = 0;
				GCC_PREPROCESSOR_DEFINITIONS = (
					"DEBUG=1",
					"$(inherited)",
				);
				GCC_WARN_64_TO_32_BIT_CONVERSION = YES;
				GCC_WARN_ABOUT_RETURN_TYPE = YES_ERROR;
				GCC_WARN_UNDECLARED_SELECTOR = YES;
				GCC_WARN_UNINITIALIZED_AUTOS = YES_AGGRESSIVE;
				GCC_WARN_UNUSED_FUNCTION = YES;
				GCC_WARN_UNUSED_VARIABLE = YES;
				IPHONEOS_DEPLOYMENT_TARGET = 11.2;
				MTL_ENABLE_DEBUG_INFO = YES;
				ONLY_ACTIVE_ARCH = YES;
				SDKROOT = iphoneos;
				SWIFT_ACTIVE_COMPILATION_CONDITIONS = DEBUG;
				SWIFT_OPTIMIZATION_LEVEL = "-Onone";
			};
			name = Debug;
		};
		29559F04204CE28E000EB12B /* Release */ = {
			isa = XCBuildConfiguration;
			buildSettings = {
				ALWAYS_SEARCH_USER_PATHS = NO;
				CLANG_ANALYZER_NONNULL = YES;
				CLANG_ANALYZER_NUMBER_OBJECT_CONVERSION = YES_AGGRESSIVE;
				CLANG_CXX_LANGUAGE_STANDARD = "gnu++14";
				CLANG_CXX_LIBRARY = "libc++";
				CLANG_ENABLE_MODULES = YES;
				CLANG_ENABLE_OBJC_ARC = YES;
				CLANG_WARN_BLOCK_CAPTURE_AUTORELEASING = YES;
				CLANG_WARN_BOOL_CONVERSION = YES;
				CLANG_WARN_COMMA = YES;
				CLANG_WARN_CONSTANT_CONVERSION = YES;
				CLANG_WARN_DIRECT_OBJC_ISA_USAGE = YES_ERROR;
				CLANG_WARN_DOCUMENTATION_COMMENTS = YES;
				CLANG_WARN_EMPTY_BODY = YES;
				CLANG_WARN_ENUM_CONVERSION = YES;
				CLANG_WARN_INFINITE_RECURSION = YES;
				CLANG_WARN_INT_CONVERSION = YES;
				CLANG_WARN_NON_LITERAL_NULL_CONVERSION = YES;
				CLANG_WARN_OBJC_LITERAL_CONVERSION = YES;
				CLANG_WARN_OBJC_ROOT_CLASS = YES_ERROR;
				CLANG_WARN_RANGE_LOOP_ANALYSIS = YES;
				CLANG_WARN_STRICT_PROTOTYPES = YES;
				CLANG_WARN_SUSPICIOUS_MOVE = YES;
				CLANG_WARN_UNGUARDED_AVAILABILITY = YES_AGGRESSIVE;
				CLANG_WARN_UNREACHABLE_CODE = YES;
				CLANG_WARN__DUPLICATE_METHOD_MATCH = YES;
				CODE_SIGN_IDENTITY = "iPhone Developer";
				COPY_PHASE_STRIP = NO;
				DEBUG_INFORMATION_FORMAT = "dwarf-with-dsym";
				ENABLE_NS_ASSERTIONS = NO;
				ENABLE_STRICT_OBJC_MSGSEND = YES;
				GCC_C_LANGUAGE_STANDARD = gnu11;
				GCC_NO_COMMON_BLOCKS = YES;
				GCC_WARN_64_TO_32_BIT_CONVERSION = YES;
				GCC_WARN_ABOUT_RETURN_TYPE = YES_ERROR;
				GCC_WARN_UNDECLARED_SELECTOR = YES;
				GCC_WARN_UNINITIALIZED_AUTOS = YES_AGGRESSIVE;
				GCC_WARN_UNUSED_FUNCTION = YES;
				GCC_WARN_UNUSED_VARIABLE = YES;
				IPHONEOS_DEPLOYMENT_TARGET = 11.2;
				MTL_ENABLE_DEBUG_INFO = NO;
				SDKROOT = iphoneos;
				SWIFT_OPTIMIZATION_LEVEL = "-Owholemodule";
				VALIDATE_PRODUCT = YES;
			};
			name = Release;
		};
		29559F06204CE28E000EB12B /* Debug */ = {
			isa = XCBuildConfiguration;
			baseConfigurationReference = E9BC42507866129D0B36DF16 /* Pods-ParkingFriends.debug.xcconfig */;
			buildSettings = {
				ASSETCATALOG_COMPILER_APPICON_NAME = AppIcon;
				CODE_SIGN_STYLE = Manual;
				DEVELOPMENT_TEAM = SH74B6BLCA;
				INFOPLIST_FILE = ParkingFriends/Info.plist;
				IPHONEOS_DEPLOYMENT_TARGET = 10.0;
				LD_RUNPATH_SEARCH_PATHS = "$(inherited) @executable_path/Frameworks";
				PRODUCT_BUNDLE_IDENTIFIER = com.misconct.ParkingFriends;
				PRODUCT_NAME = "$(TARGET_NAME)";
				PROVISIONING_PROFILE = "66f2eb16-6dbd-4e92-8f7b-2693c96dc3cb";
				PROVISIONING_PROFILE_SPECIFIER = Wild_Test;
				SWIFT_VERSION = 4.0;
				TARGETED_DEVICE_FAMILY = 1;
			};
			name = Debug;
		};
		29559F07204CE28E000EB12B /* Release */ = {
			isa = XCBuildConfiguration;
			baseConfigurationReference = 5692CC7AA31AE36E141C127A /* Pods-ParkingFriends.release.xcconfig */;
			buildSettings = {
				ASSETCATALOG_COMPILER_APPICON_NAME = AppIcon;
				CODE_SIGN_STYLE = Manual;
				DEVELOPMENT_TEAM = "";
				INFOPLIST_FILE = ParkingFriends/Info.plist;
				IPHONEOS_DEPLOYMENT_TARGET = 10.0;
				LD_RUNPATH_SEARCH_PATHS = "$(inherited) @executable_path/Frameworks";
				PRODUCT_BUNDLE_IDENTIFIER = com.misconct.ParkingFriends;
				PRODUCT_NAME = "$(TARGET_NAME)";
				PROVISIONING_PROFILE_SPECIFIER = "";
				SWIFT_VERSION = 4.0;
				TARGETED_DEVICE_FAMILY = 1;
			};
			name = Release;
		};
/* End XCBuildConfiguration section */

/* Begin XCConfigurationList section */
		29559EEB204CE28D000EB12B /* Build configuration list for PBXProject "ParkingFriends" */ = {
			isa = XCConfigurationList;
			buildConfigurations = (
				29559F03204CE28E000EB12B /* Debug */,
				29559F04204CE28E000EB12B /* Release */,
			);
			defaultConfigurationIsVisible = 0;
			defaultConfigurationName = Release;
		};
		29559F05204CE28E000EB12B /* Build configuration list for PBXNativeTarget "ParkingFriends" */ = {
			isa = XCConfigurationList;
			buildConfigurations = (
				29559F06204CE28E000EB12B /* Debug */,
				29559F07204CE28E000EB12B /* Release */,
			);
			defaultConfigurationIsVisible = 0;
			defaultConfigurationName = Release;
		};
/* End XCConfigurationList section */

/* Begin XCVersionGroup section */
		29559EFA204CE28E000EB12B /* ParkingFriends.xcdatamodeld */ = {
			isa = XCVersionGroup;
			children = (
				29559EFB204CE28E000EB12B /* ParkingFriends.xcdatamodel */,
			);
			currentVersion = 29559EFB204CE28E000EB12B /* ParkingFriends.xcdatamodel */;
			path = ParkingFriends.xcdatamodeld;
			sourceTree = "<group>";
			versionGroupType = wrapper.xcdatamodel;
		};
/* End XCVersionGroup section */
	};
	rootObject = 29559EE8204CE28D000EB12B /* Project object */;
}
